
Microsoft Visual Studio Solution File, Format Version 12.00
# Visual Studio Version 17
VisualStudioVersion = 17.8.34525.116
MinimumVisualStudioVersion = 10.0.40219.1
Project("{9A19103F-16F7-4668-BE54-9A1E7A4F7556}") = "SecurityCamera.Image", "SecurityCamera.Image\SecurityCamera.Image.csproj", "{0FD8D277-8AF8-4C91-B7B4-5A0190AB6509}"
EndProject
Project("{9A19103F-16F7-4668-BE54-9A1E7A4F7556}") = "MQTTNetClient", "MqttNetClient\MQTTNetClient.csproj", "{4A991F24-6B64-4D19-BE85-04ED27A9DABD}"
EndProject
Project("{9A19103F-16F7-4668-BE54-9A1E7A4F7556}") = "HiveMQClient", "HiveMQClient\HiveMQClient.csproj", "{44044A9D-0BCE-43B4-AC6D-2CE9F06308AC}"
EndProject
Project("{9A19103F-16F7-4668-BE54-9A1E7A4F7556}") = "RootCertificate", "RootCertificate\RootCertificate.csproj", "{85B9D28A-5154-4029-AE4A-087E37C0F52D}"
EndProject
Project("{9A19103F-16F7-4668-BE54-9A1E7A4F7556}") = "IntermediateCertificate", "IntermediateCertificate\IntermediateCertificate.csproj", "{B8EA2177-EFDD-443E-80E3-137F8E161ECD}"
EndProject
Project("{9A19103F-16F7-4668-BE54-9A1E7A4F7556}") = "DeviceCertificate", "DeviceCertificate\DeviceCertificate.csproj", "{7EF36069-65D8-4A5B-BF0E-4C2F3CEA8CDC}"
EndProject
Project("{2150E333-8FDC-42A3-9474-1A3956D46DE8}") = "CertificateGeneration", "CertificateGeneration", "{27D11853-C809-4B04-AB24-44FD6FC15DBA}"
EndProject
Project("{2150E333-8FDC-42A3-9474-1A3956D46DE8}") = "MQTTClients", "MQTTClients", "{91054537-7A40-4757-9A3E-9C978937FAC4}"
EndProject
Project("{2150E333-8FDC-42A3-9474-1A3956D46DE8}") = "SecurityCamera", "SecurityCamera", "{85984979-490A-4A8D-B18B-22C7F2AA1300}"
EndProject
Project("{2150E333-8FDC-42A3-9474-1A3956D46DE8}") = "YoloV8", "YoloV8", "{0F587BC1-CEB5-483D-95BD-760097666354}"
EndProject
Project("{9A19103F-16F7-4668-BE54-9A1E7A4F7556}") = "YoloV8.NickSwardh.Image.Detect", "YoloV8.NickSwardh.Image.Detect\YoloV8.NickSwardh.Image.Detect.csproj", "{BD83CF23-DB3D-4201-B318-EC8480D617B5}"
EndProject
Project("{9A19103F-16F7-4668-BE54-9A1E7A4F7556}") = "YoloV8.sstainba.Image.Detect", "YoloV8.sstainba.Image.Detect\YoloV8.sstainba.Image.Detect.csproj", "{CDB38AF0-8EBD-43F3-B630-22074B857DA5}"
EndProject
Project("{9A19103F-16F7-4668-BE54-9A1E7A4F7556}") = "YoloV8.dem-compunet.Image.Detect", "YoloV8.dem-compunet.Image.Detect\YoloV8.dem-compunet.Image.Detect.csproj", "{E480E70F-5B27-417F-945E-78350F46EF52}"
EndProject
Project("{9A19103F-16F7-4668-BE54-9A1E7A4F7556}") = "Azure.EventGrid.Image.Detect", "Azure.EventGrid.Image.Detect\Azure.EventGrid.Image.Detect.csproj", "{F9815F34-1383-4C65-AF33-A21928EC24E0}"
EndProject
Project("{9A19103F-16F7-4668-BE54-9A1E7A4F7556}") = "SecurityCamera.Video.VisioForge", "SecurityCamera.Video.VisioForge\SecurityCamera.Video.VisioForge.csproj", "{D4A726E2-D634-4868-9C8D-50F28418BC28}"
EndProject
Project("{9A19103F-16F7-4668-BE54-9A1E7A4F7556}") = "SecurityCamera.Discovery", "SecurityCamera.Discovery\SecurityCamera.Discovery.csproj", "{65DCA02B-EE08-49F3-9B97-0A07518F2313}"
EndProject
Project("{9A19103F-16F7-4668-BE54-9A1E7A4F7556}") = "SecurityCamera.Video.Nager.VideoStream", "SecurityCamera.Video.Nager.VideoStream\SecurityCamera.Video.Nager.VideoStream.csproj", "{731CA19C-D074-4668-9E75-9858A89A7879}"
EndProject
Project("{9A19103F-16F7-4668-BE54-9A1E7A4F7556}") = "YoloV8.Detect.SecurityCamera.Image", "YoloV8.Detect.SecurityCamera.Image\YoloV8.Detect.SecurityCamera.Image.csproj", "{4D8BB2E0-2F68-484B-9EA1-89BF6AA785B1}"
EndProject
Global
	GlobalSection(SolutionConfigurationPlatforms) = preSolution
		Debug|Any CPU = Debug|Any CPU
		Release|Any CPU = Release|Any CPU
	EndGlobalSection
	GlobalSection(ProjectConfigurationPlatforms) = postSolution
		{0FD8D277-8AF8-4C91-B7B4-5A0190AB6509}.Debug|Any CPU.ActiveCfg = Debug|Any CPU
		{0FD8D277-8AF8-4C91-B7B4-5A0190AB6509}.Debug|Any CPU.Build.0 = Debug|Any CPU
		{0FD8D277-8AF8-4C91-B7B4-5A0190AB6509}.Release|Any CPU.ActiveCfg = Release|Any CPU
		{0FD8D277-8AF8-4C91-B7B4-5A0190AB6509}.Release|Any CPU.Build.0 = Release|Any CPU
		{4A991F24-6B64-4D19-BE85-04ED27A9DABD}.Debug|Any CPU.ActiveCfg = Debug|Any CPU
		{4A991F24-6B64-4D19-BE85-04ED27A9DABD}.Debug|Any CPU.Build.0 = Debug|Any CPU
		{4A991F24-6B64-4D19-BE85-04ED27A9DABD}.Release|Any CPU.ActiveCfg = Release|Any CPU
		{4A991F24-6B64-4D19-BE85-04ED27A9DABD}.Release|Any CPU.Build.0 = Release|Any CPU
		{44044A9D-0BCE-43B4-AC6D-2CE9F06308AC}.Debug|Any CPU.ActiveCfg = Debug|Any CPU
		{44044A9D-0BCE-43B4-AC6D-2CE9F06308AC}.Debug|Any CPU.Build.0 = Debug|Any CPU
		{44044A9D-0BCE-43B4-AC6D-2CE9F06308AC}.Release|Any CPU.ActiveCfg = Release|Any CPU
		{44044A9D-0BCE-43B4-AC6D-2CE9F06308AC}.Release|Any CPU.Build.0 = Release|Any CPU
		{85B9D28A-5154-4029-AE4A-087E37C0F52D}.Debug|Any CPU.ActiveCfg = Debug|Any CPU
		{85B9D28A-5154-4029-AE4A-087E37C0F52D}.Debug|Any CPU.Build.0 = Debug|Any CPU
		{85B9D28A-5154-4029-AE4A-087E37C0F52D}.Release|Any CPU.ActiveCfg = Release|Any CPU
		{85B9D28A-5154-4029-AE4A-087E37C0F52D}.Release|Any CPU.Build.0 = Release|Any CPU
		{B8EA2177-EFDD-443E-80E3-137F8E161ECD}.Debug|Any CPU.ActiveCfg = Debug|Any CPU
		{B8EA2177-EFDD-443E-80E3-137F8E161ECD}.Debug|Any CPU.Build.0 = Debug|Any CPU
		{B8EA2177-EFDD-443E-80E3-137F8E161ECD}.Release|Any CPU.ActiveCfg = Release|Any CPU
		{B8EA2177-EFDD-443E-80E3-137F8E161ECD}.Release|Any CPU.Build.0 = Release|Any CPU
		{7EF36069-65D8-4A5B-BF0E-4C2F3CEA8CDC}.Debug|Any CPU.ActiveCfg = Debug|Any CPU
		{7EF36069-65D8-4A5B-BF0E-4C2F3CEA8CDC}.Debug|Any CPU.Build.0 = Debug|Any CPU
		{7EF36069-65D8-4A5B-BF0E-4C2F3CEA8CDC}.Release|Any CPU.ActiveCfg = Release|Any CPU
		{7EF36069-65D8-4A5B-BF0E-4C2F3CEA8CDC}.Release|Any CPU.Build.0 = Release|Any CPU
		{BD83CF23-DB3D-4201-B318-EC8480D617B5}.Debug|Any CPU.ActiveCfg = Debug|Any CPU
		{BD83CF23-DB3D-4201-B318-EC8480D617B5}.Debug|Any CPU.Build.0 = Debug|Any CPU
		{BD83CF23-DB3D-4201-B318-EC8480D617B5}.Release|Any CPU.ActiveCfg = Release|Any CPU
		{BD83CF23-DB3D-4201-B318-EC8480D617B5}.Release|Any CPU.Build.0 = Release|Any CPU
		{CDB38AF0-8EBD-43F3-B630-22074B857DA5}.Debug|Any CPU.ActiveCfg = Debug|Any CPU
		{CDB38AF0-8EBD-43F3-B630-22074B857DA5}.Debug|Any CPU.Build.0 = Debug|Any CPU
		{CDB38AF0-8EBD-43F3-B630-22074B857DA5}.Release|Any CPU.ActiveCfg = Release|Any CPU
		{CDB38AF0-8EBD-43F3-B630-22074B857DA5}.Release|Any CPU.Build.0 = Release|Any CPU
		{E480E70F-5B27-417F-945E-78350F46EF52}.Debug|Any CPU.ActiveCfg = Debug|Any CPU
		{E480E70F-5B27-417F-945E-78350F46EF52}.Debug|Any CPU.Build.0 = Debug|Any CPU
		{E480E70F-5B27-417F-945E-78350F46EF52}.Release|Any CPU.ActiveCfg = Release|Any CPU
		{E480E70F-5B27-417F-945E-78350F46EF52}.Release|Any CPU.Build.0 = Release|Any CPU
		{F9815F34-1383-4C65-AF33-A21928EC24E0}.Debug|Any CPU.ActiveCfg = Debug|Any CPU
		{F9815F34-1383-4C65-AF33-A21928EC24E0}.Debug|Any CPU.Build.0 = Debug|Any CPU
		{F9815F34-1383-4C65-AF33-A21928EC24E0}.Release|Any CPU.ActiveCfg = Release|Any CPU
		{F9815F34-1383-4C65-AF33-A21928EC24E0}.Release|Any CPU.Build.0 = Release|Any CPU
		{D4A726E2-D634-4868-9C8D-50F28418BC28}.Debug|Any CPU.ActiveCfg = Debug|Any CPU
		{D4A726E2-D634-4868-9C8D-50F28418BC28}.Debug|Any CPU.Build.0 = Debug|Any CPU
		{D4A726E2-D634-4868-9C8D-50F28418BC28}.Release|Any CPU.ActiveCfg = Release|Any CPU
		{D4A726E2-D634-4868-9C8D-50F28418BC28}.Release|Any CPU.Build.0 = Release|Any CPU
		{65DCA02B-EE08-49F3-9B97-0A07518F2313}.Debug|Any CPU.ActiveCfg = Debug|Any CPU
		{65DCA02B-EE08-49F3-9B97-0A07518F2313}.Debug|Any CPU.Build.0 = Debug|Any CPU
		{65DCA02B-EE08-49F3-9B97-0A07518F2313}.Release|Any CPU.ActiveCfg = Release|Any CPU
		{65DCA02B-EE08-49F3-9B97-0A07518F2313}.Release|Any CPU.Build.0 = Release|Any CPU
		{731CA19C-D074-4668-9E75-9858A89A7879}.Debug|Any CPU.ActiveCfg = Debug|Any CPU
		{731CA19C-D074-4668-9E75-9858A89A7879}.Debug|Any CPU.Build.0 = Debug|Any CPU
		{731CA19C-D074-4668-9E75-9858A89A7879}.Release|Any CPU.ActiveCfg = Release|Any CPU
		{731CA19C-D074-4668-9E75-9858A89A7879}.Release|Any CPU.Build.0 = Release|Any CPU
		{4D8BB2E0-2F68-484B-9EA1-89BF6AA785B1}.Debug|Any CPU.ActiveCfg = Debug|Any CPU
		{4D8BB2E0-2F68-484B-9EA1-89BF6AA785B1}.Debug|Any CPU.Build.0 = Debug|Any CPU
		{4D8BB2E0-2F68-484B-9EA1-89BF6AA785B1}.Release|Any CPU.ActiveCfg = Release|Any CPU
		{4D8BB2E0-2F68-484B-9EA1-89BF6AA785B1}.Release|Any CPU.Build.0 = Release|Any CPU
	EndGlobalSection
	GlobalSection(SolutionProperties) = preSolution
		HideSolutionNode = FALSE
	EndGlobalSection
	GlobalSection(NestedProjects) = preSolution
		{0FD8D277-8AF8-4C91-B7B4-5A0190AB6509} = {85984979-490A-4A8D-B18B-22C7F2AA1300}
		{4A991F24-6B64-4D19-BE85-04ED27A9DABD} = {91054537-7A40-4757-9A3E-9C978937FAC4}
		{44044A9D-0BCE-43B4-AC6D-2CE9F06308AC} = {91054537-7A40-4757-9A3E-9C978937FAC4}
		{85B9D28A-5154-4029-AE4A-087E37C0F52D} = {27D11853-C809-4B04-AB24-44FD6FC15DBA}
		{B8EA2177-EFDD-443E-80E3-137F8E161ECD} = {27D11853-C809-4B04-AB24-44FD6FC15DBA}
		{7EF36069-65D8-4A5B-BF0E-4C2F3CEA8CDC} = {27D11853-C809-4B04-AB24-44FD6FC15DBA}
		{BD83CF23-DB3D-4201-B318-EC8480D617B5} = {0F587BC1-CEB5-483D-95BD-760097666354}
		{CDB38AF0-8EBD-43F3-B630-22074B857DA5} = {0F587BC1-CEB5-483D-95BD-760097666354}
		{E480E70F-5B27-417F-945E-78350F46EF52} = {0F587BC1-CEB5-483D-95BD-760097666354}
		{D4A726E2-D634-4868-9C8D-50F28418BC28} = {85984979-490A-4A8D-B18B-22C7F2AA1300}
		{65DCA02B-EE08-49F3-9B97-0A07518F2313} = {85984979-490A-4A8D-B18B-22C7F2AA1300}
		{731CA19C-D074-4668-9E75-9858A89A7879} = {85984979-490A-4A8D-B18B-22C7F2AA1300}
		{4D8BB2E0-2F68-484B-9EA1-89BF6AA785B1} = {0F587BC1-CEB5-483D-95BD-760097666354}
	EndGlobalSection
	GlobalSection(ExtensibilityGlobals) = postSolution
		SolutionGuid = {9EEAA5AC-6C6F-48C6-8FCE-AC7E5D693536}
	EndGlobalSection
EndGlobal
